// !$*UTF8*$!
{
	archiveVersion = 1;
	classes = {
	};
	objectVersion = 50;
	objects = {

/* Begin PBXBuildFile section */
		9686B29D25BF277200DD175D /* AppDelegate.swift in Sources */ = {isa = PBXBuildFile; fileRef = 9686B29C25BF277200DD175D /* AppDelegate.swift */; };
		9686B29F25BF277200DD175D /* SceneDelegate.swift in Sources */ = {isa = PBXBuildFile; fileRef = 9686B29E25BF277200DD175D /* SceneDelegate.swift */; };
		9686B2A125BF277200DD175D /* ViewController.swift in Sources */ = {isa = PBXBuildFile; fileRef = 9686B2A025BF277200DD175D /* ViewController.swift */; };
		9686B2A425BF277200DD175D /* Main.storyboard in Resources */ = {isa = PBXBuildFile; fileRef = 9686B2A225BF277200DD175D /* Main.storyboard */; };
		9686B2A625BF277500DD175D /* Assets.xcassets in Resources */ = {isa = PBXBuildFile; fileRef = 9686B2A525BF277500DD175D /* Assets.xcassets */; };
		9686B2A925BF277500DD175D /* LaunchScreen.storyboard in Resources */ = {isa = PBXBuildFile; fileRef = 9686B2A725BF277500DD175D /* LaunchScreen.storyboard */; };
/* End PBXBuildFile section */

/* Begin PBXFileReference section */
		9686B29925BF277200DD175D /* Jenkins_Test.app */ = {isa = PBXFileReference; explicitFileType = wrapper.application; includeInIndex = 0; path = Jenkins_Test.app; sourceTree = BUILT_PRODUCTS_DIR; };
		9686B29C25BF277200DD175D /* AppDelegate.swift */ = {isa = PBXFileReference; lastKnownFileType = sourcecode.swift; path = AppDelegate.swift; sourceTree = "<group>"; };
		9686B29E25BF277200DD175D /* SceneDelegate.swift */ = {isa = PBXFileReference; lastKnownFileType = sourcecode.swift; path = SceneDelegate.swift; sourceTree = "<group>"; };
		9686B2A025BF277200DD175D /* ViewController.swift */ = {isa = PBXFileReference; lastKnownFileType = sourcecode.swift; path = ViewController.swift; sourceTree = "<group>"; };
		9686B2A325BF277200DD175D /* Base */ = {isa = PBXFileReference; lastKnownFileType = file.storyboard; name = Base; path = Base.lproj/Main.storyboard; sourceTree = "<group>"; };
		9686B2A525BF277500DD175D /* Assets.xcassets */ = {isa = PBXFileReference; lastKnownFileType = folder.assetcatalog; path = Assets.xcassets; sourceTree = "<group>"; };
		9686B2A825BF277500DD175D /* Base */ = {isa = PBXFileReference; lastKnownFileType = file.storyboard; name = Base; path = Base.lproj/LaunchScreen.storyboard; sourceTree = "<group>"; };
		9686B2AA25BF277500DD175D /* Info.plist */ = {isa = PBXFileReference; lastKnownFileType = text.plist.xml; path = Info.plist; sourceTree = "<group>"; };
/* End PBXFileReference section */

/* Begin PBXFrameworksBuildPhase section */
		9686B29625BF277200DD175D /* Frameworks */ = {
			isa = PBXFrameworksBuildPhase;
			buildActionMask = 2147483647;
			files = (
			);
			runOnlyForDeploymentPostprocessing = 0;
		};
/* End PBXFrameworksBuildPhase section */

/* Begin PBXGroup section */
		9686B29025BF277200DD175D = {
			isa = PBXGroup;
			children = (
				9686B29B25BF277200DD175D /* Jenkins_Test */,
				9686B29A25BF277200DD175D /* Products */,
			);
			sourceTree = "<group>";
		};
		9686B29A25BF277200DD175D /* Products */ = {
			isa = PBXGroup;
			children = (
				9686B29925BF277200DD175D /* Jenkins_Test.app */,
			);
			name = Products;
			sourceTree = "<group>";
		};
		9686B29B25BF277200DD175D /* Jenkins_Test */ = {
			isa = PBXGroup;
			children = (
				9686B29C25BF277200DD175D /* AppDelegate.swift */,
				9686B29E25BF277200DD175D /* SceneDelegate.swift */,
				9686B2A025BF277200DD175D /* ViewController.swift */,
				9686B2A225BF277200DD175D /* Main.storyboard */,
				9686B2A525BF277500DD175D /* Assets.xcassets */,
				9686B2A725BF277500DD175D /* LaunchScreen.storyboard */,
				9686B2AA25BF277500DD175D /* Info.plist */,
			);
			path = Jenkins_Test;
			sourceTree = "<group>";
		};
/* End PBXGroup section */

/* Begin PBXNativeTarget section */
		9686B29825BF277200DD175D /* Jenkins_Test */ = {
			isa = PBXNativeTarget;
			buildConfigurationList = 9686B2AD25BF277500DD175D /* Build configuration list for PBXNativeTarget "Jenkins_Test" */;
			buildPhases = (
				9686B29525BF277200DD175D /* Sources */,
				9686B29625BF277200DD175D /* Frameworks */,
				9686B29725BF277200DD175D /* Resources */,
			);
			buildRules = (
			);
			dependencies = (
			);
			name = Jenkins_Test;
			productName = Jenkins_Test;
			productReference = 9686B29925BF277200DD175D /* Jenkins_Test.app */;
			productType = "com.apple.product-type.application";
		};
/* End PBXNativeTarget section */

/* Begin PBXProject section */
		9686B29125BF277200DD175D /* Project object */ = {
			isa = PBXProject;
			attributes = {
				LastSwiftUpdateCheck = 1220;
				LastUpgradeCheck = 1220;
				TargetAttributes = {
					9686B29825BF277200DD175D = {
						CreatedOnToolsVersion = 12.2;
					};
				};
			};
			buildConfigurationList = 9686B29425BF277200DD175D /* Build configuration list for PBXProject "Jenkins_Test" */;
			compatibilityVersion = "Xcode 9.3";
			developmentRegion = en;
			hasScannedForEncodings = 0;
			knownRegions = (
				en,
				Base,
			);
			mainGroup = 9686B29025BF277200DD175D;
			productRefGroup = 9686B29A25BF277200DD175D /* Products */;
			projectDirPath = "";
			projectRoot = "";
			targets = (
				9686B29825BF277200DD175D /* Jenkins_Test */,
			);
		};
/* End PBXProject section */

/* Begin PBXResourcesBuildPhase section */
		9686B29725BF277200DD175D /* Resources */ = {
			isa = PBXResourcesBuildPhase;
			buildActionMask = 2147483647;
			files = (
				9686B2A925BF277500DD175D /* LaunchScreen.storyboard in Resources */,
				9686B2A625BF277500DD175D /* Assets.xcassets in Resources */,
				9686B2A425BF277200DD175D /* Main.storyboard in Resources */,
			);
			runOnlyForDeploymentPostprocessing = 0;
		};
/* End PBXResourcesBuildPhase section */

/* Begin PBXSourcesBuildPhase section */
		9686B29525BF277200DD175D /* Sources */ = {
			isa = PBXSourcesBuildPhase;
			buildActionMask = 2147483647;
			files = (
				9686B2A125BF277200DD175D /* ViewController.swift in Sources */,
				9686B29D25BF277200DD175D /* AppDelegate.swift in Sources */,
				9686B29F25BF277200DD175D /* SceneDelegate.swift in Sources */,
			);
			runOnlyForDeploymentPostprocessing = 0;
		};
/* End PBXSourcesBuildPhase section */

/* Begin PBXVariantGroup section */
		9686B2A225BF277200DD175D /* Main.storyboard */ = {
			isa = PBXVariantGroup;
			children = (
				9686B2A325BF277200DD175D /* Base */,
			);
			name = Main.storyboard;
			sourceTree = "<group>";
		};
		9686B2A725BF277500DD175D /* LaunchScreen.storyboard */ = {
			isa = PBXVariantGroup;
			children = (
				9686B2A825BF277500DD175D /* Base */,
			);
			name = LaunchScreen.storyboard;
			sourceTree = "<group>";
		};
/* End PBXVariantGroup section */

/* Begin XCBuildConfiguration section */
		9686B2AB25BF277500DD175D /* Debug */ = {
			isa = XCBuildConfiguration;
			buildSettings = {
				ALWAYS_SEARCH_USER_PATHS = NO;
				CLANG_ANALYZER_NONNULL = YES;
				CLANG_ANALYZER_NUMBER_OBJECT_CONVERSION = YES_AGGRESSIVE;
				CLANG_CXX_LANGUAGE_STANDARD = "gnu++14";
				CLANG_CXX_LIBRARY = "libc++";
				CLANG_ENABLE_MODULES = YES;
				CLANG_ENABLE_OBJC_ARC = YES;
				CLANG_ENABLE_OBJC_WEAK = YES;
				CLANG_WARN_BLOCK_CAPTURE_AUTORELEASING = YES;
				CLANG_WARN_BOOL_CONVERSION = YES;
				CLANG_WARN_COMMA = YES;
				CLANG_WARN_CONSTANT_CONVERSION = YES;
				CLANG_WARN_DEPRECATED_OBJC_IMPLEMENTATIONS = YES;
				CLANG_WARN_DIRECT_OBJC_ISA_USAGE = YES_ERROR;
				CLANG_WARN_DOCUMENTATION_COMMENTS = YES;
				CLANG_WARN_EMPTY_BODY = YES;
				CLANG_WARN_ENUM_CONVERSION = YES;
				CLANG_WARN_INFINITE_RECURSION = YES;
				CLANG_WARN_INT_CONVERSION = YES;
				CLANG_WARN_NON_LITERAL_NULL_CONVERSION = YES;
				CLANG_WARN_OBJC_IMPLICIT_RETAIN_SELF = YES;
				CLANG_WARN_OBJC_LITERAL_CONVERSION = YES;
				CLANG_WARN_OBJC_ROOT_CLASS = YES_ERROR;
				CLANG_WARN_QUOTED_INCLUDE_IN_FRAMEWORK_HEADER = YES;
				CLANG_WARN_RANGE_LOOP_ANALYSIS = YES;
				CLANG_WARN_STRICT_PROTOTYPES = YES;
				CLANG_WARN_SUSPICIOUS_MOVE = YES;
				CLANG_WARN_UNGUARDED_AVAILABILITY = YES_AGGRESSIVE;
				CLANG_WARN_UNREACHABLE_CODE = YES;
				CLANG_WARN__DUPLICATE_METHOD_MATCH = YES;
				CODE_SIGN_IDENTITY = "iPhone Distribution: Royal Paper Box Co. of California";
				COPY_PHASE_STRIP = NO;
				DEBUG_INFORMATION_FORMAT = dwarf;
				ENABLE_STRICT_OBJC_MSGSEND = YES;
				ENABLE_TESTABILITY = YES;
				GCC_C_LANGUAGE_STANDARD = gnu11;
				GCC_DYNAMIC_NO_PIC = NO;
				GCC_NO_COMMON_BLOCKS = YES;
				GCC_OPTIMIZATION_LEVEL = 0;
				GCC_PREPROCESSOR_DEFINITIONS = (
					"DEBUG=1",
					"$(inherited)",
				);
				GCC_WARN_64_TO_32_BIT_CONVERSION = YES;
				GCC_WARN_ABOUT_RETURN_TYPE = YES_ERROR;
				GCC_WARN_UNDECLARED_SELECTOR = YES;
				GCC_WARN_UNINITIALIZED_AUTOS = YES_AGGRESSIVE;
				GCC_WARN_UNUSED_FUNCTION = YES;
				GCC_WARN_UNUSED_VARIABLE = YES;
				IPHONEOS_DEPLOYMENT_TARGET = 14.2;
				MTL_ENABLE_DEBUG_INFO = INCLUDE_SOURCE;
				MTL_FAST_MATH = YES;
				ONLY_ACTIVE_ARCH = YES;
				SDKROOT = iphoneos;
				SWIFT_ACTIVE_COMPILATION_CONDITIONS = DEBUG;
				SWIFT_OPTIMIZATION_LEVEL = "-Onone";
			};
			name = Debug;
		};
		9686B2AC25BF277500DD175D /* Release */ = {
			isa = XCBuildConfiguration;
			buildSettings = {
				ALWAYS_SEARCH_USER_PATHS = NO;
				CLANG_ANALYZER_NONNULL = YES;
				CLANG_ANALYZER_NUMBER_OBJECT_CONVERSION = YES_AGGRESSIVE;
				CLANG_CXX_LANGUAGE_STANDARD = "gnu++14";
				CLANG_CXX_LIBRARY = "libc++";
				CLANG_ENABLE_MODULES = YES;
				CLANG_ENABLE_OBJC_ARC = YES;
				CLANG_ENABLE_OBJC_WEAK = YES;
				CLANG_WARN_BLOCK_CAPTURE_AUTORELEASING = YES;
				CLANG_WARN_BOOL_CONVERSION = YES;
				CLANG_WARN_COMMA = YES;
				CLANG_WARN_CONSTANT_CONVERSION = YES;
				CLANG_WARN_DEPRECATED_OBJC_IMPLEMENTATIONS = YES;
				CLANG_WARN_DIRECT_OBJC_ISA_USAGE = YES_ERROR;
				CLANG_WARN_DOCUMENTATION_COMMENTS = YES;
				CLANG_WARN_EMPTY_BODY = YES;
				CLANG_WARN_ENUM_CONVERSION = YES;
				CLANG_WARN_INFINITE_RECURSION = YES;
				CLANG_WARN_INT_CONVERSION = YES;
				CLANG_WARN_NON_LITERAL_NULL_CONVERSION = YES;
				CLANG_WARN_OBJC_IMPLICIT_RETAIN_SELF = YES;
				CLANG_WARN_OBJC_LITERAL_CONVERSION = YES;
				CLANG_WARN_OBJC_ROOT_CLASS = YES_ERROR;
				CLANG_WARN_QUOTED_INCLUDE_IN_FRAMEWORK_HEADER = YES;
				CLANG_WARN_RANGE_LOOP_ANALYSIS = YES;
				CLANG_WARN_STRICT_PROTOTYPES = YES;
				CLANG_WARN_SUSPICIOUS_MOVE = YES;
				CLANG_WARN_UNGUARDED_AVAILABILITY = YES_AGGRESSIVE;
				CLANG_WARN_UNREACHABLE_CODE = YES;
				CLANG_WARN__DUPLICATE_METHOD_MATCH = YES;
				CODE_SIGN_IDENTITY = "iPhone Distribution: Royal Paper Box Co. of California";
				COPY_PHASE_STRIP = NO;
				DEBUG_INFORMATION_FORMAT = "dwarf-with-dsym";
				ENABLE_NS_ASSERTIONS = NO;
				ENABLE_STRICT_OBJC_MSGSEND = YES;
				GCC_C_LANGUAGE_STANDARD = gnu11;
				GCC_NO_COMMON_BLOCKS = YES;
				GCC_WARN_64_TO_32_BIT_CONVERSION = YES;
				GCC_WARN_ABOUT_RETURN_TYPE = YES_ERROR;
				GCC_WARN_UNDECLARED_SELECTOR = YES;
				GCC_WARN_UNINITIALIZED_AUTOS = YES_AGGRESSIVE;
				GCC_WARN_UNUSED_FUNCTION = YES;
				GCC_WARN_UNUSED_VARIABLE = YES;
				IPHONEOS_DEPLOYMENT_TARGET = 14.2;
				MTL_ENABLE_DEBUG_INFO = NO;
				MTL_FAST_MATH = YES;
				SDKROOT = iphoneos;
				SWIFT_COMPILATION_MODE = wholemodule;
				SWIFT_OPTIMIZATION_LEVEL = "-O";
				VALIDATE_PRODUCT = YES;
			};
			name = Release;
		};
		9686B2AE25BF277500DD175D /* Debug */ = {
			isa = XCBuildConfiguration;
			buildSettings = {
				ASSETCATALOG_COMPILER_APPICON_NAME = AppIcon;
				ASSETCATALOG_COMPILER_GLOBAL_ACCENT_COLOR_NAME = AccentColor;
				CODE_SIGN_IDENTITY = "iPhone Distribution: Royal Paper Box Co. of California";
				CODE_SIGN_STYLE = Manual;
				DEVELOPMENT_TEAM = BWW2MAK6J7;
				INFOPLIST_FILE = Jenkins_Test/Info.plist;
				LD_RUNPATH_SEARCH_PATHS = (
					"$(inherited)",
					"@executable_path/Frameworks",
				);
				PRODUCT_BUNDLE_IDENTIFIER = com.RoyalPaperBox;
				PRODUCT_NAME = "$(TARGET_NAME)";
				PROVISIONING_PROFILE_SPECIFIER = RoyalPaperBox_Enterprise;
				SWIFT_VERSION = 5.0;
				TARGETED_DEVICE_FAMILY = "1,2";
			};
			name = Debug;
		};
		9686B2AF25BF277500DD175D /* Release */ = {
			isa = XCBuildConfiguration;
			buildSettings = {
				ASSETCATALOG_COMPILER_APPICON_NAME = AppIcon;
				ASSETCATALOG_COMPILER_GLOBAL_ACCENT_COLOR_NAME = AccentColor;
				CODE_SIGN_IDENTITY = "iPhone Distribution: Royal Paper Box Co. of California";
				CODE_SIGN_STYLE = Manual;
				DEVELOPMENT_TEAM = BWW2MAK6J7;
				INFOPLIST_FILE = Jenkins_Test/Info.plist;
				LD_RUNPATH_SEARCH_PATHS = (
					"$(inherited)",
					"@executable_path/Frameworks",
				);
				PRODUCT_BUNDLE_IDENTIFIER = com.RoyalPaperBox;
				PRODUCT_NAME = "$(TARGET_NAME)";
				PROVISIONING_PROFILE_SPECIFIER = RoyalPaperBox_Enterprise;
				SWIFT_VERSION = 5.0;
				TARGETED_DEVICE_FAMILY = "1,2";
			};
			name = Release;
		};
/* End XCBuildConfiguration section */

/* Begin XCConfigurationList section */
		9686B29425BF277200DD175D /* Build configuration list for PBXProject "Jenkins_Test" */ = {
			isa = XCConfigurationList;
			buildConfigurations = (
				9686B2AB25BF277500DD175D /* Debug */,
				9686B2AC25BF277500DD175D /* Release */,
			);
			defaultConfigurationIsVisible = 0;
			defaultConfigurationName = Release;
		};
		9686B2AD25BF277500DD175D /* Build configuration list for PBXNativeTarget "Jenkins_Test" */ = {
			isa = XCConfigurationList;
			buildConfigurations = (
				9686B2AE25BF277500DD175D /* Debug */,
				9686B2AF25BF277500DD175D /* Release */,
			);
			defaultConfigurationIsVisible = 0;
			defaultConfigurationName = Release;
		};
/* End XCConfigurationList section */
	};
	rootObject = 9686B29125BF277200DD175D /* Project object */;
}
